
Microsoft Visual Studio Solution File, Format Version 12.00
# Visual Studio Version 16
VisualStudioVersion = 16.0.31129.286
MinimumVisualStudioVersion = 10.0.40219.1
Project("{9A19103F-16F7-4668-BE54-9A1E7A4F7556}") = "DataAccess", "DataAccess\DataAccess.csproj", "{03E9F438-68CC-462D-9CF1-7FEA86B70D29}"
EndProject
Project("{9A19103F-16F7-4668-BE54-9A1E7A4F7556}") = "Business", "Business\Business.csproj", "{DDCC0C08-1013-48E1-84DC-BC0A2C38B656}"
EndProject
Project("{9A19103F-16F7-4668-BE54-9A1E7A4F7556}") = "Entities", "Entities\Entities.csproj", "{E9953B9B-7753-4268-8FAB-0DDDE0514136}"
EndProject
Project("{9A19103F-16F7-4668-BE54-9A1E7A4F7556}") = "Core", "Core\Core.csproj", "{C00EDDFD-7F7F-4918-985A-14E9C69F9A4B}"
EndProject
Project("{FAE04EC0-301F-11D3-BF4B-00C04F79EFBC}") = "WebAPI", "WebAPI\WebAPI.csproj", "{580929E0-8A5B-4658-A314-B77758F84B91}"
EndProject
Global
	GlobalSection(SolutionConfigurationPlatforms) = preSolution
		Debug|Any CPU = Debug|Any CPU
		Release|Any CPU = Release|Any CPU
	EndGlobalSection
	GlobalSection(ProjectConfigurationPlatforms) = postSolution
		{03E9F438-68CC-462D-9CF1-7FEA86B70D29}.Debug|Any CPU.ActiveCfg = Debug|Any CPU
		{03E9F438-68CC-462D-9CF1-7FEA86B70D29}.Debug|Any CPU.Build.0 = Debug|Any CPU
		{03E9F438-68CC-462D-9CF1-7FEA86B70D29}.Release|Any CPU.ActiveCfg = Release|Any CPU
		{03E9F438-68CC-462D-9CF1-7FEA86B70D29}.Release|Any CPU.Build.0 = Release|Any CPU
		{DDCC0C08-1013-48E1-84DC-BC0A2C38B656}.Debug|Any CPU.ActiveCfg = Debug|Any CPU
		{DDCC0C08-1013-48E1-84DC-BC0A2C38B656}.Debug|Any CPU.Build.0 = Debug|Any CPU
		{DDCC0C08-1013-48E1-84DC-BC0A2C38B656}.Release|Any CPU.ActiveCfg = Release|Any CPU
		{DDCC0C08-1013-48E1-84DC-BC0A2C38B656}.Release|Any CPU.Build.0 = Release|Any CPU
		{E9953B9B-7753-4268-8FAB-0DDDE0514136}.Debug|Any CPU.ActiveCfg = Debug|Any CPU
		{E9953B9B-7753-4268-8FAB-0DDDE0514136}.Debug|Any CPU.Build.0 = Debug|Any CPU
		{E9953B9B-7753-4268-8FAB-0DDDE0514136}.Release|Any CPU.ActiveCfg = Release|Any CPU
		{E9953B9B-7753-4268-8FAB-0DDDE0514136}.Release|Any CPU.Build.0 = Release|Any CPU
		{C00EDDFD-7F7F-4918-985A-14E9C69F9A4B}.Debug|Any CPU.ActiveCfg = Debug|Any CPU
		{C00EDDFD-7F7F-4918-985A-14E9C69F9A4B}.Debug|Any CPU.Build.0 = Debug|Any CPU
		{C00EDDFD-7F7F-4918-985A-14E9C69F9A4B}.Release|Any CPU.ActiveCfg = Release|Any CPU
		{C00EDDFD-7F7F-4918-985A-14E9C69F9A4B}.Release|Any CPU.Build.0 = Release|Any CPU
		{580929E0-8A5B-4658-A314-B77758F84B91}.Debug|Any CPU.ActiveCfg = Debug|Any CPU
		{580929E0-8A5B-4658-A314-B77758F84B91}.Debug|Any CPU.Build.0 = Debug|Any CPU
		{580929E0-8A5B-4658-A314-B77758F84B91}.Release|Any CPU.ActiveCfg = Release|Any CPU
		{580929E0-8A5B-4658-A314-B77758F84B91}.Release|Any CPU.Build.0 = Release|Any CPU
	EndGlobalSection
	GlobalSection(SolutionProperties) = preSolution
		HideSolutionNode = FALSE
	EndGlobalSection
	GlobalSection(ExtensibilityGlobals) = postSolution
		SolutionGuid = {9676CBAD-5A14-4405-86DB-521EE7F61785}
	EndGlobalSection
EndGlobal
